{
  "name": "package-playground",
  "version": "1.0.0",
  "lockfileVersion": 1,
  "requires": true,
  "dependencies": {
    "@oneetyan/node-ane": {
      "version": "1.0.0",
      "resolved": "https://npm.pkg.github.com/download/@oneetyan/node-ane/1.0.0/9a6395c4c5945b35701fe835dd21cc28bab6f7e6b488805ed48900a47ea542e1",
      "integrity": "sha512-gdh9RqFwusxYEoO/l3BMacZO/ZcBU//kxH79esW7O9o4HBcPLRtqmYZUYsVp8GZBbnj/o1gSnJYYX7444tLFyQ=="
    }
  }
}
